
Microsoft Visual Studio Solution File, Format Version 12.00
# Visual Studio Version 16
VisualStudioVersion = 16.0.30225.117
MinimumVisualStudioVersion = 10.0.40219.1
Project("{FAE04EC0-301F-11D3-BF4B-00C04F79EFBC}") = "mine", "mine\mine.csproj", "{4CE64B3B-AEEC-49E2-A8C3-F1627044F479}"
EndProject
Global
	GlobalSection(SolutionConfigurationPlatforms) = preSolution
		Debug|Any CPU = Debug|Any CPU
		Release|Any CPU = Release|Any CPU
	EndGlobalSection
	GlobalSection(ProjectConfigurationPlatforms) = postSolution
		{4CE64B3B-AEEC-49E2-A8C3-F1627044F479}.Debug|Any CPU.ActiveCfg = Debug|Any CPU
		{4CE64B3B-AEEC-49E2-A8C3-F1627044F479}.Debug|Any CPU.Build.0 = Debug|Any CPU
		{4CE64B3B-AEEC-49E2-A8C3-F1627044F479}.Release|Any CPU.ActiveCfg = Release|Any CPU
		{4CE64B3B-AEEC-49E2-A8C3-F1627044F479}.Release|Any CPU.Build.0 = Release|Any CPU
	EndGlobalSection
	GlobalSection(SolutionProperties) = preSolution
		HideSolutionNode = FALSE
	EndGlobalSection
	GlobalSection(ExtensibilityGlobals) = postSolution
		SolutionGuid = {B369866D-0463-4F08-BF5B-A74D91D8BE20}
	EndGlobalSection
EndGlobal
